
Microsoft Visual Studio Solution File, Format Version 12.00
# Visual Studio 15
VisualStudioVersion = 15.0.27703.2018
MinimumVisualStudioVersion = 10.0.40219.1
Project("{9A19103F-16F7-4668-BE54-9A1E7A4F7556}") = "DotNetCore.Base.Host", "src\DotNetCore.Base.Host\DotNetCore.Base.Host.csproj", "{F370F5BA-4BB8-43B8-8F9D-CA77224F6726}"
EndProject
Project("{2150E333-8FDC-42A3-9474-1A3956D46DE8}") = "Tests", "Tests", "{6468E51A-9154-4127-923C-F7D4D4E5AB18}"
EndProject
Project("{FAE04EC0-301F-11D3-BF4B-00C04F79EFBC}") = "DotNetCore.Base.Host.Tests", "tests\DotNetCore.Base.Host.Tests\DotNetCore.Base.Host.Tests.csproj", "{213F351C-BF59-41B8-AA41-65C96B85096B}"
EndProject
Global
	GlobalSection(SolutionConfigurationPlatforms) = preSolution
		Debug|Any CPU = Debug|Any CPU
		Release|Any CPU = Release|Any CPU
	EndGlobalSection
	GlobalSection(ProjectConfigurationPlatforms) = postSolution
		{F370F5BA-4BB8-43B8-8F9D-CA77224F6726}.Debug|Any CPU.ActiveCfg = Debug|Any CPU
		{F370F5BA-4BB8-43B8-8F9D-CA77224F6726}.Debug|Any CPU.Build.0 = Debug|Any CPU
		{F370F5BA-4BB8-43B8-8F9D-CA77224F6726}.Release|Any CPU.ActiveCfg = Release|Any CPU
		{F370F5BA-4BB8-43B8-8F9D-CA77224F6726}.Release|Any CPU.Build.0 = Release|Any CPU
		{213F351C-BF59-41B8-AA41-65C96B85096B}.Debug|Any CPU.ActiveCfg = Debug|Any CPU
		{213F351C-BF59-41B8-AA41-65C96B85096B}.Debug|Any CPU.Build.0 = Debug|Any CPU
		{213F351C-BF59-41B8-AA41-65C96B85096B}.Release|Any CPU.ActiveCfg = Release|Any CPU
		{213F351C-BF59-41B8-AA41-65C96B85096B}.Release|Any CPU.Build.0 = Release|Any CPU
	EndGlobalSection
	GlobalSection(SolutionProperties) = preSolution
		HideSolutionNode = FALSE
	EndGlobalSection
	GlobalSection(NestedProjects) = preSolution
		{213F351C-BF59-41B8-AA41-65C96B85096B} = {6468E51A-9154-4127-923C-F7D4D4E5AB18}
	EndGlobalSection
	GlobalSection(ExtensibilityGlobals) = postSolution
		SolutionGuid = {0D70D7C5-DE4C-4EEF-9695-D810BCE21651}
	EndGlobalSection
EndGlobal
